// !$*UTF8*$!
{
	archiveVersion = 1;
	classes = {
	};
	objectVersion = 46;
	objects = {

/* Begin PBXBuildFile section */
		C1015CBB20BA77D3003044CD /* AppDelegate.swift in Sources */ = {isa = PBXBuildFile; fileRef = C1015CBA20BA77D3003044CD /* AppDelegate.swift */; };
		C1015CBD20BA77D3003044CD /* ViewController.swift in Sources */ = {isa = PBXBuildFile; fileRef = C1015CBC20BA77D3003044CD /* ViewController.swift */; };
		C1015CC020BA77D3003044CD /* Main.storyboard in Resources */ = {isa = PBXBuildFile; fileRef = C1015CBE20BA77D3003044CD /* Main.storyboard */; };
		C1015CC220BA77D3003044CD /* Assets.xcassets in Resources */ = {isa = PBXBuildFile; fileRef = C1015CC120BA77D3003044CD /* Assets.xcassets */; };
		C1015CC520BA77D3003044CD /* LaunchScreen.storyboard in Resources */ = {isa = PBXBuildFile; fileRef = C1015CC320BA77D3003044CD /* LaunchScreen.storyboard */; };
/* End PBXBuildFile section */

/* Begin PBXFileReference section */
		C1015CB720BA77D3003044CD /* DateTransfer.app */ = {isa = PBXFileReference; explicitFileType = wrapper.application; includeInIndex = 0; path = DateTransfer.app; sourceTree = BUILT_PRODUCTS_DIR; };
		C1015CBA20BA77D3003044CD /* AppDelegate.swift */ = {isa = PBXFileReference; lastKnownFileType = sourcecode.swift; path = AppDelegate.swift; sourceTree = "<group>"; };
		C1015CBC20BA77D3003044CD /* ViewController.swift */ = {isa = PBXFileReference; lastKnownFileType = sourcecode.swift; path = ViewController.swift; sourceTree = "<group>"; };
		C1015CBF20BA77D3003044CD /* Base */ = {isa = PBXFileReference; lastKnownFileType = file.storyboard; name = Base; path = Base.lproj/Main.storyboard; sourceTree = "<group>"; };
		C1015CC120BA77D3003044CD /* Assets.xcassets */ = {isa = PBXFileReference; lastKnownFileType = folder.assetcatalog; path = Assets.xcassets; sourceTree = "<group>"; };
		C1015CC420BA77D3003044CD /* Base */ = {isa = PBXFileReference; lastKnownFileType = file.storyboard; name = Base; path = Base.lproj/LaunchScreen.storyboard; sourceTree = "<group>"; };
		C1015CC620BA77D3003044CD /* Info.plist */ = {isa = PBXFileReference; lastKnownFileType = text.plist.xml; path = Info.plist; sourceTree = "<group>"; };
		C1015CCC20BA79FD003044CD /* MyPlayground.playground */ = {isa = PBXFileReference; lastKnownFileType = file.playground; path = MyPlayground.playground; sourceTree = "<group>"; };
/* End PBXFileReference section */

/* Begin PBXFrameworksBuildPhase section */
		C1015CB420BA77D3003044CD /* Frameworks */ = {
			isa = PBXFrameworksBuildPhase;
			buildActionMask = 2147483647;
			files = (
			);
			runOnlyForDeploymentPostprocessing = 0;
		};
/* End PBXFrameworksBuildPhase section */

/* Begin PBXGroup section */
		C1015CAE20BA77D3003044CD = {
			isa = PBXGroup;
			children = (
				C1015CCC20BA79FD003044CD /* MyPlayground.playground */,
				C1015CB920BA77D3003044CD /* DateTransfer */,
				C1015CB820BA77D3003044CD /* Products */,
			);
			sourceTree = "<group>";
		};
		C1015CB820BA77D3003044CD /* Products */ = {
			isa = PBXGroup;
			children = (
				C1015CB720BA77D3003044CD /* DateTransfer.app */,
			);
			name = Products;
			sourceTree = "<group>";
		};
		C1015CB920BA77D3003044CD /* DateTransfer */ = {
			isa = PBXGroup;
			children = (
				C1015CBA20BA77D3003044CD /* AppDelegate.swift */,
				C1015CBC20BA77D3003044CD /* ViewController.swift */,
				C1015CBE20BA77D3003044CD /* Main.storyboard */,
				C1015CC120BA77D3003044CD /* Assets.xcassets */,
				C1015CC320BA77D3003044CD /* LaunchScreen.storyboard */,
				C1015CC620BA77D3003044CD /* Info.plist */,
			);
			path = DateTransfer;
			sourceTree = "<group>";
		};
/* End PBXGroup section */

/* Begin PBXNativeTarget section */
		C1015CB620BA77D3003044CD /* DateTransfer */ = {
			isa = PBXNativeTarget;
			buildConfigurationList = C1015CC920BA77D4003044CD /* Build configuration list for PBXNativeTarget "DateTransfer" */;
			buildPhases = (
				C1015CB320BA77D3003044CD /* Sources */,
				C1015CB420BA77D3003044CD /* Frameworks */,
				C1015CB520BA77D3003044CD /* Resources */,
			);
			buildRules = (
			);
			dependencies = (
			);
			name = DateTransfer;
			productName = DateTransfer;
			productReference = C1015CB720BA77D3003044CD /* DateTransfer.app */;
			productType = "com.apple.product-type.application";
		};
/* End PBXNativeTarget section */

/* Begin PBXProject section */
		C1015CAF20BA77D3003044CD /* Project object */ = {
			isa = PBXProject;
			attributes = {
				KnownAssetTags = (
					New,
				);
				LastSwiftUpdateCheck = 0720;
				LastUpgradeCheck = 0720;
				ORGANIZATIONNAME = Black;
				TargetAttributes = {
					C1015CB620BA77D3003044CD = {
						CreatedOnToolsVersion = 7.2.1;
						DevelopmentTeam = P9RFY92HZ9;
					};
				};
			};
			buildConfigurationList = C1015CB220BA77D3003044CD /* Build configuration list for PBXProject "DateTransfer" */;
			compatibilityVersion = "Xcode 3.2";
			developmentRegion = English;
			hasScannedForEncodings = 0;
			knownRegions = (
				en,
				Base,
			);
			mainGroup = C1015CAE20BA77D3003044CD;
			productRefGroup = C1015CB820BA77D3003044CD /* Products */;
			projectDirPath = "";
			projectRoot = "";
			targets = (
				C1015CB620BA77D3003044CD /* DateTransfer */,
			);
		};
/* End PBXProject section */

/* Begin PBXResourcesBuildPhase section */
		C1015CB520BA77D3003044CD /* Resources */ = {
			isa = PBXResourcesBuildPhase;
			buildActionMask = 2147483647;
			files = (
				C1015CC520BA77D3003044CD /* LaunchScreen.storyboard in Resources */,
				C1015CC220BA77D3003044CD /* Assets.xcassets in Resources */,
				C1015CC020BA77D3003044CD /* Main.storyboard in Resources */,
			);
			runOnlyForDeploymentPostprocessing = 0;
		};
/* End PBXResourcesBuildPhase section */

/* Begin PBXSourcesBuildPhase section */
		C1015CB320BA77D3003044CD /* Sources */ = {
			isa = PBXSourcesBuildPhase;
			buildActionMask = 2147483647;
			files = (
				C1015CBD20BA77D3003044CD /* ViewController.swift in Sources */,
				C1015CBB20BA77D3003044CD /* AppDelegate.swift in Sources */,
			);
			runOnlyForDeploymentPostprocessing = 0;
		};
/* End PBXSourcesBuildPhase section */

/* Begin PBXVariantGroup section */
		C1015CBE20BA77D3003044CD /* Main.storyboard */ = {
			isa = PBXVariantGroup;
			children = (
				C1015CBF20BA77D3003044CD /* Base */,
			);
			name = Main.storyboard;
			sourceTree = "<group>";
		};
		C1015CC320BA77D3003044CD /* LaunchScreen.storyboard */ = {
			isa = PBXVariantGroup;
			children = (
				C1015CC420BA77D3003044CD /* Base */,
			);
			name = LaunchScreen.storyboard;
			sourceTree = "<group>";
		};
/* End PBXVariantGroup section */

/* Begin XCBuildConfiguration section */
		C1015CC720BA77D3003044CD /* Debug */ = {
			isa = XCBuildConfiguration;
			buildSettings = {
				ALWAYS_SEARCH_USER_PATHS = NO;
				CLANG_CXX_LANGUAGE_STANDARD = "gnu++0x";
				CLANG_CXX_LIBRARY = "libc++";
				CLANG_ENABLE_MODULES = YES;
				CLANG_ENABLE_OBJC_ARC = YES;
				CLANG_WARN_BOOL_CONVERSION = YES;
				CLANG_WARN_CONSTANT_CONVERSION = YES;
				CLANG_WARN_DIRECT_OBJC_ISA_USAGE = YES_ERROR;
				CLANG_WARN_EMPTY_BODY = YES;
				CLANG_WARN_ENUM_CONVERSION = YES;
				CLANG_WARN_INT_CONVERSION = YES;
				CLANG_WARN_OBJC_ROOT_CLASS = YES_ERROR;
				CLANG_WARN_UNREACHABLE_CODE = YES;
				CLANG_WARN__DUPLICATE_METHOD_MATCH = YES;
				"CODE_SIGN_IDENTITY[sdk=iphoneos*]" = "iPhone Developer";
				COPY_PHASE_STRIP = NO;
				DEBUG_INFORMATION_FORMAT = dwarf;
				ENABLE_STRICT_OBJC_MSGSEND = YES;
				ENABLE_TESTABILITY = YES;
				GCC_C_LANGUAGE_STANDARD = gnu99;
				GCC_DYNAMIC_NO_PIC = NO;
				GCC_NO_COMMON_BLOCKS = YES;
				GCC_OPTIMIZATION_LEVEL = 0;
				GCC_PREPROCESSOR_DEFINITIONS = (
					"DEBUG=1",
					"$(inherited)",
				);
				GCC_WARN_64_TO_32_BIT_CONVERSION = YES;
				GCC_WARN_ABOUT_RETURN_TYPE = YES_ERROR;
				GCC_WARN_UNDECLARED_SELECTOR = YES;
				GCC_WARN_UNINITIALIZED_AUTOS = YES_AGGRESSIVE;
				GCC_WARN_UNUSED_FUNCTION = YES;
				GCC_WARN_UNUSED_VARIABLE = YES;
				IPHONEOS_DEPLOYMENT_TARGET = 9.2;
				MTL_ENABLE_DEBUG_INFO = YES;
				ONLY_ACTIVE_ARCH = YES;
				SDKROOT = iphoneos;
				SWIFT_OPTIMIZATION_LEVEL = "-Onone";
			};
			name = Debug;
		};
		C1015CC820BA77D3003044CD /* Release */ = {
			isa = XCBuildConfiguration;
			buildSettings = {
				ALWAYS_SEARCH_USER_PATHS = NO;
				CLANG_CXX_LANGUAGE_STANDARD = "gnu++0x";
				CLANG_CXX_LIBRARY = "libc++";
				CLANG_ENABLE_MODULES = YES;
				CLANG_ENABLE_OBJC_ARC = YES;
				CLANG_WARN_BOOL_CONVERSION = YES;
				CLANG_WARN_CONSTANT_CONVERSION = YES;
				CLANG_WARN_DIRECT_OBJC_ISA_USAGE = YES_ERROR;
				CLANG_WARN_EMPTY_BODY = YES;
				CLANG_WARN_ENUM_CONVERSION = YES;
				CLANG_WARN_INT_CONVERSION = YES;
				CLANG_WARN_OBJC_ROOT_CLASS = YES_ERROR;
				CLANG_WARN_UNREACHABLE_CODE = YES;
				CLANG_WARN__DUPLICATE_METHOD_MATCH = YES;
				"CODE_SIGN_IDENTITY[sdk=iphoneos*]" = "iPhone Developer";
				COPY_PHASE_STRIP = NO;
				DEBUG_INFORMATION_FORMAT = "dwarf-with-dsym";
				ENABLE_NS_ASSERTIONS = NO;
				ENABLE_STRICT_OBJC_MSGSEND = YES;
				GCC_C_LANGUAGE_STANDARD = gnu99;
				GCC_NO_COMMON_BLOCKS = YES;
				GCC_WARN_64_TO_32_BIT_CONVERSION = YES;
				GCC_WARN_ABOUT_RETURN_TYPE = YES_ERROR;
				GCC_WARN_UNDECLARED_SELECTOR = YES;
				GCC_WARN_UNINITIALIZED_AUTOS = YES_AGGRESSIVE;
				GCC_WARN_UNUSED_FUNCTION = YES;
				GCC_WARN_UNUSED_VARIABLE = YES;
				IPHONEOS_DEPLOYMENT_TARGET = 9.2;
				MTL_ENABLE_DEBUG_INFO = NO;
				SDKROOT = iphoneos;
				VALIDATE_PRODUCT = YES;
			};
			name = Release;
		};
		C1015CCA20BA77D4003044CD /* Debug */ = {
			isa = XCBuildConfiguration;
			buildSettings = {
				ASSETCATALOG_COMPILER_APPICON_NAME = AppIcon;
				CODE_SIGN_IDENTITY = "iPhone Developer";
				"CODE_SIGN_IDENTITY[sdk=iphoneos*]" = "iPhone Developer";
				INFOPLIST_FILE = DateTransfer/Info.plist;
				IPHONEOS_DEPLOYMENT_TARGET = 9.1;
				LD_RUNPATH_SEARCH_PATHS = "$(inherited) @executable_path/Frameworks";
				PRODUCT_BUNDLE_IDENTIFIER = com.black.DateTransfer;
				PRODUCT_NAME = "$(TARGET_NAME)";
				PROVISIONING_PROFILE = "";
			};
			name = Debug;
		};
		C1015CCB20BA77D4003044CD /* Release */ = {
			isa = XCBuildConfiguration;
			buildSettings = {
				ASSETCATALOG_COMPILER_APPICON_NAME = AppIcon;
				CODE_SIGN_IDENTITY = "iPhone Developer";
				"CODE_SIGN_IDENTITY[sdk=iphoneos*]" = "iPhone Developer";
				INFOPLIST_FILE = DateTransfer/Info.plist;
				IPHONEOS_DEPLOYMENT_TARGET = 9.1;
				LD_RUNPATH_SEARCH_PATHS = "$(inherited) @executable_path/Frameworks";
				PRODUCT_BUNDLE_IDENTIFIER = com.black.DateTransfer;
				PRODUCT_NAME = "$(TARGET_NAME)";
				PROVISIONING_PROFILE = "";
			};
			name = Release;
		};
/* End XCBuildConfiguration section */

/* Begin XCConfigurationList section */
		C1015CB220BA77D3003044CD /* Build configuration list for PBXProject "DateTransfer" */ = {
			isa = XCConfigurationList;
			buildConfigurations = (
				C1015CC720BA77D3003044CD /* Debug */,
				C1015CC820BA77D3003044CD /* Release */,
			);
			defaultConfigurationIsVisible = 0;
			defaultConfigurationName = Release;
		};
		C1015CC920BA77D4003044CD /* Build configuration list for PBXNativeTarget "DateTransfer" */ = {
			isa = XCConfigurationList;
			buildConfigurations = (
				C1015CCA20BA77D4003044CD /* Debug */,
				C1015CCB20BA77D4003044CD /* Release */,
			);
			defaultConfigurationIsVisible = 0;
			defaultConfigurationName = Release;
		};
/* End XCConfigurationList section */
	};
	rootObject = C1015CAF20BA77D3003044CD /* Project object */;
}
